[root]
name = "cargo-audit"
version = "0.2.0"
dependencies = [
 "clap 2.26.0 (registry+https://github.com/rust-lang/crates.io-index)",
 "isatty 0.1.3 (registry+https://github.com/rust-lang/crates.io-index)",
 "rustsec 0.6.0 (registry+https://github.com/rust-lang/crates.io-index)",
 "term 0.4.6 (registry+https://github.com/rust-lang/crates.io-index)",
]

[[package]]
name = "advapi32-sys"
version = "0.2.0"
source = "registry+https://github.com/rust-lang/crates.io-index"
dependencies = [
 "winapi 0.2.8 (registry+https://github.com/rust-lang/crates.io-index)",
 "winapi-build 0.1.1 (registry+https://github.com/rust-lang/crates.io-index)",
]

[[package]]
name = "ansi_term"
version = "0.9.0"
source = "registry+https://github.com/rust-lang/crates.io-index"

[[package]]
name = "antidote"
version = "1.0.0"
source = "registry+https://github.com/rust-lang/crates.io-index"

[[package]]
name = "atty"
version = "0.2.2"
source = "registry+https://github.com/rust-lang/crates.io-index"
dependencies = [
 "kernel32-sys 0.2.2 (registry+https://github.com/rust-lang/crates.io-index)",
 "libc 0.2.30 (registry+https://github.com/rust-lang/crates.io-index)",
 "winapi 0.2.8 (registry+https://github.com/rust-lang/crates.io-index)",
]

[[package]]
name = "base64"
version = "0.6.0"
source = "registry+https://github.com/rust-lang/crates.io-index"
dependencies = [
 "byteorder 1.1.0 (registry+https://github.com/rust-lang/crates.io-index)",
 "safemem 0.2.0 (registry+https://github.com/rust-lang/crates.io-index)",
]

[[package]]
name = "bitflags"
version = "0.7.0"
source = "registry+https://github.com/rust-lang/crates.io-index"

[[package]]
name = "bitflags"
version = "0.9.1"
source = "registry+https://github.com/rust-lang/crates.io-index"

[[package]]
name = "byteorder"
version = "1.1.0"
source = "registry+https://github.com/rust-lang/crates.io-index"

[[package]]
name = "clap"
version = "2.26.0"
source = "registry+https://github.com/rust-lang/crates.io-index"
dependencies = [
 "ansi_term 0.9.0 (registry+https://github.com/rust-lang/crates.io-index)",
 "atty 0.2.2 (registry+https://github.com/rust-lang/crates.io-index)",
 "bitflags 0.9.1 (registry+https://github.com/rust-lang/crates.io-index)",
 "strsim 0.6.0 (registry+https://github.com/rust-lang/crates.io-index)",
 "term_size 0.3.0 (registry+https://github.com/rust-lang/crates.io-index)",
 "textwrap 0.7.0 (registry+https://github.com/rust-lang/crates.io-index)",
 "unicode-segmentation 1.2.0 (registry+https://github.com/rust-lang/crates.io-index)",
 "unicode-width 0.1.4 (registry+https://github.com/rust-lang/crates.io-index)",
 "vec_map 0.8.0 (registry+https://github.com/rust-lang/crates.io-index)",
]

[[package]]
name = "conv"
version = "0.3.3"
source = "registry+https://github.com/rust-lang/crates.io-index"
dependencies = [
 "custom_derive 0.1.7 (registry+https://github.com/rust-lang/crates.io-index)",
]

[[package]]
name = "core-foundation"
version = "0.2.3"
source = "registry+https://github.com/rust-lang/crates.io-index"
dependencies = [
 "core-foundation-sys 0.2.3 (registry+https://github.com/rust-lang/crates.io-index)",
 "libc 0.2.30 (registry+https://github.com/rust-lang/crates.io-index)",
]

[[package]]
name = "core-foundation-sys"
version = "0.2.3"
source = "registry+https://github.com/rust-lang/crates.io-index"
dependencies = [
 "libc 0.2.30 (registry+https://github.com/rust-lang/crates.io-index)",
]

[[package]]
name = "crypt32-sys"
version = "0.2.0"
source = "registry+https://github.com/rust-lang/crates.io-index"
dependencies = [
 "winapi 0.2.8 (registry+https://github.com/rust-lang/crates.io-index)",
 "winapi-build 0.1.1 (registry+https://github.com/rust-lang/crates.io-index)",
]

[[package]]
name = "custom_derive"
version = "0.1.7"
source = "registry+https://github.com/rust-lang/crates.io-index"

[[package]]
name = "dtoa"
version = "0.4.2"
source = "registry+https://github.com/rust-lang/crates.io-index"

[[package]]
name = "foreign-types"
version = "0.2.0"
source = "registry+https://github.com/rust-lang/crates.io-index"

[[package]]
name = "gcc"
version = "0.3.53"
source = "registry+https://github.com/rust-lang/crates.io-index"

[[package]]
name = "httparse"
version = "1.2.3"
source = "registry+https://github.com/rust-lang/crates.io-index"

[[package]]
name = "hyper"
version = "0.10.13"
source = "registry+https://github.com/rust-lang/crates.io-index"
dependencies = [
 "base64 0.6.0 (registry+https://github.com/rust-lang/crates.io-index)",
 "httparse 1.2.3 (registry+https://github.com/rust-lang/crates.io-index)",
 "language-tags 0.2.2 (registry+https://github.com/rust-lang/crates.io-index)",
 "log 0.3.8 (registry+https://github.com/rust-lang/crates.io-index)",
 "mime 0.2.6 (registry+https://github.com/rust-lang/crates.io-index)",
 "num_cpus 1.6.2 (registry+https://github.com/rust-lang/crates.io-index)",
 "time 0.1.38 (registry+https://github.com/rust-lang/crates.io-index)",
 "traitobject 0.1.0 (registry+https://github.com/rust-lang/crates.io-index)",
 "typeable 0.1.2 (registry+https://github.com/rust-lang/crates.io-index)",
 "unicase 1.4.2 (registry+https://github.com/rust-lang/crates.io-index)",
 "url 1.5.1 (registry+https://github.com/rust-lang/crates.io-index)",
]

[[package]]
name = "hyper-native-tls"
version = "0.2.4"
source = "registry+https://github.com/rust-lang/crates.io-index"
dependencies = [
 "antidote 1.0.0 (registry+https://github.com/rust-lang/crates.io-index)",
 "hyper 0.10.13 (registry+https://github.com/rust-lang/crates.io-index)",
 "native-tls 0.1.4 (registry+https://github.com/rust-lang/crates.io-index)",
]

[[package]]
name = "idna"
version = "0.1.4"
source = "registry+https://github.com/rust-lang/crates.io-index"
dependencies = [
 "matches 0.1.6 (registry+https://github.com/rust-lang/crates.io-index)",
 "unicode-bidi 0.3.4 (registry+https://github.com/rust-lang/crates.io-index)",
 "unicode-normalization 0.1.5 (registry+https://github.com/rust-lang/crates.io-index)",
]

[[package]]
name = "isatty"
version = "0.1.3"
source = "registry+https://github.com/rust-lang/crates.io-index"
dependencies = [
 "kernel32-sys 0.2.2 (registry+https://github.com/rust-lang/crates.io-index)",
 "libc 0.2.30 (registry+https://github.com/rust-lang/crates.io-index)",
 "winapi 0.2.8 (registry+https://github.com/rust-lang/crates.io-index)",
]

[[package]]
name = "itoa"
version = "0.3.3"
source = "registry+https://github.com/rust-lang/crates.io-index"

[[package]]
name = "kernel32-sys"
version = "0.2.2"
source = "registry+https://github.com/rust-lang/crates.io-index"
dependencies = [
 "winapi 0.2.8 (registry+https://github.com/rust-lang/crates.io-index)",
 "winapi-build 0.1.1 (registry+https://github.com/rust-lang/crates.io-index)",
]

[[package]]
name = "language-tags"
version = "0.2.2"
source = "registry+https://github.com/rust-lang/crates.io-index"

[[package]]
name = "lazy_static"
version = "0.2.8"
source = "registry+https://github.com/rust-lang/crates.io-index"

[[package]]
name = "libc"
version = "0.2.30"
source = "registry+https://github.com/rust-lang/crates.io-index"

[[package]]
name = "log"
version = "0.3.8"
source = "registry+https://github.com/rust-lang/crates.io-index"

[[package]]
name = "magenta"
version = "0.1.1"
source = "registry+https://github.com/rust-lang/crates.io-index"
dependencies = [
 "conv 0.3.3 (registry+https://github.com/rust-lang/crates.io-index)",
 "magenta-sys 0.1.1 (registry+https://github.com/rust-lang/crates.io-index)",
]

[[package]]
name = "magenta-sys"
version = "0.1.1"
source = "registry+https://github.com/rust-lang/crates.io-index"
dependencies = [
 "bitflags 0.7.0 (registry+https://github.com/rust-lang/crates.io-index)",
]

[[package]]
name = "matches"
version = "0.1.6"
source = "registry+https://github.com/rust-lang/crates.io-index"

[[package]]
name = "mime"
version = "0.2.6"
source = "registry+https://github.com/rust-lang/crates.io-index"
dependencies = [
 "log 0.3.8 (registry+https://github.com/rust-lang/crates.io-index)",
]

[[package]]
name = "native-tls"
version = "0.1.4"
source = "registry+https://github.com/rust-lang/crates.io-index"
dependencies = [
 "openssl 0.9.17 (registry+https://github.com/rust-lang/crates.io-index)",
 "schannel 0.1.7 (registry+https://github.com/rust-lang/crates.io-index)",
 "security-framework 0.1.16 (registry+https://github.com/rust-lang/crates.io-index)",
 "security-framework-sys 0.1.16 (registry+https://github.com/rust-lang/crates.io-index)",
 "tempdir 0.3.5 (registry+https://github.com/rust-lang/crates.io-index)",
]

[[package]]
name = "num-traits"
version = "0.1.40"
source = "registry+https://github.com/rust-lang/crates.io-index"

[[package]]
name = "num_cpus"
version = "1.6.2"
source = "registry+https://github.com/rust-lang/crates.io-index"
dependencies = [
 "libc 0.2.30 (registry+https://github.com/rust-lang/crates.io-index)",
]

[[package]]
name = "openssl"
version = "0.9.17"
source = "registry+https://github.com/rust-lang/crates.io-index"
dependencies = [
 "bitflags 0.9.1 (registry+https://github.com/rust-lang/crates.io-index)",
 "foreign-types 0.2.0 (registry+https://github.com/rust-lang/crates.io-index)",
 "lazy_static 0.2.8 (registry+https://github.com/rust-lang/crates.io-index)",
 "libc 0.2.30 (registry+https://github.com/rust-lang/crates.io-index)",
 "openssl-sys 0.9.17 (registry+https://github.com/rust-lang/crates.io-index)",
]

[[package]]
name = "openssl-sys"
version = "0.9.17"
source = "registry+https://github.com/rust-lang/crates.io-index"
dependencies = [
 "gcc 0.3.53 (registry+https://github.com/rust-lang/crates.io-index)",
 "libc 0.2.30 (registry+https://github.com/rust-lang/crates.io-index)",
 "pkg-config 0.3.9 (registry+https://github.com/rust-lang/crates.io-index)",
 "vcpkg 0.2.2 (registry+https://github.com/rust-lang/crates.io-index)",
]

[[package]]
name = "percent-encoding"
version = "1.0.0"
source = "registry+https://github.com/rust-lang/crates.io-index"

[[package]]
name = "pkg-config"
version = "0.3.9"
source = "registry+https://github.com/rust-lang/crates.io-index"

[[package]]
name = "rand"
version = "0.3.16"
source = "registry+https://github.com/rust-lang/crates.io-index"
dependencies = [
 "libc 0.2.30 (registry+https://github.com/rust-lang/crates.io-index)",
 "magenta 0.1.1 (registry+https://github.com/rust-lang/crates.io-index)",
]

[[package]]
name = "redox_syscall"
version = "0.1.31"
source = "registry+https://github.com/rust-lang/crates.io-index"

[[package]]
name = "reqwest"
version = "0.4.0"
source = "registry+https://github.com/rust-lang/crates.io-index"
dependencies = [
 "hyper 0.10.13 (registry+https://github.com/rust-lang/crates.io-index)",
 "hyper-native-tls 0.2.4 (registry+https://github.com/rust-lang/crates.io-index)",
 "log 0.3.8 (registry+https://github.com/rust-lang/crates.io-index)",
 "serde 0.9.15 (registry+https://github.com/rust-lang/crates.io-index)",
 "serde_json 0.9.10 (registry+https://github.com/rust-lang/crates.io-index)",
 "serde_urlencoded 0.4.3 (registry+https://github.com/rust-lang/crates.io-index)",
 "url 1.5.1 (registry+https://github.com/rust-lang/crates.io-index)",
]

[[package]]
name = "rustsec"
version = "0.6.0"
source = "registry+https://github.com/rust-lang/crates.io-index"
dependencies = [
 "reqwest 0.4.0 (registry+https://github.com/rust-lang/crates.io-index)",
 "semver 0.8.0 (registry+https://github.com/rust-lang/crates.io-index)",
 "toml 0.3.2 (registry+https://github.com/rust-lang/crates.io-index)",
]

[[package]]
name = "safemem"
version = "0.2.0"
source = "registry+https://github.com/rust-lang/crates.io-index"

[[package]]
name = "schannel"
version = "0.1.7"
source = "registry+https://github.com/rust-lang/crates.io-index"
dependencies = [
 "advapi32-sys 0.2.0 (registry+https://github.com/rust-lang/crates.io-index)",
 "crypt32-sys 0.2.0 (registry+https://github.com/rust-lang/crates.io-index)",
 "kernel32-sys 0.2.2 (registry+https://github.com/rust-lang/crates.io-index)",
 "lazy_static 0.2.8 (registry+https://github.com/rust-lang/crates.io-index)",
 "secur32-sys 0.2.0 (registry+https://github.com/rust-lang/crates.io-index)",
 "winapi 0.2.8 (registry+https://github.com/rust-lang/crates.io-index)",
 "winapi-build 0.1.1 (registry+https://github.com/rust-lang/crates.io-index)",
]

[[package]]
name = "secur32-sys"
version = "0.2.0"
source = "registry+https://github.com/rust-lang/crates.io-index"
dependencies = [
 "winapi 0.2.8 (registry+https://github.com/rust-lang/crates.io-index)",
 "winapi-build 0.1.1 (registry+https://github.com/rust-lang/crates.io-index)",
]

[[package]]
name = "security-framework"
version = "0.1.16"
source = "registry+https://github.com/rust-lang/crates.io-index"
dependencies = [
 "core-foundation 0.2.3 (registry+https://github.com/rust-lang/crates.io-index)",
 "core-foundation-sys 0.2.3 (registry+https://github.com/rust-lang/crates.io-index)",
 "libc 0.2.30 (registry+https://github.com/rust-lang/crates.io-index)",
 "security-framework-sys 0.1.16 (registry+https://github.com/rust-lang/crates.io-index)",
]

[[package]]
name = "security-framework-sys"
version = "0.1.16"
source = "registry+https://github.com/rust-lang/crates.io-index"
dependencies = [
 "core-foundation-sys 0.2.3 (registry+https://github.com/rust-lang/crates.io-index)",
 "libc 0.2.30 (registry+https://github.com/rust-lang/crates.io-index)",
]

[[package]]
name = "semver"
version = "0.8.0"
source = "registry+https://github.com/rust-lang/crates.io-index"
dependencies = [
 "semver-parser 0.7.0 (registry+https://github.com/rust-lang/crates.io-index)",
]

[[package]]
name = "semver-parser"
version = "0.7.0"
source = "registry+https://github.com/rust-lang/crates.io-index"

[[package]]
name = "serde"
version = "0.9.15"
source = "registry+https://github.com/rust-lang/crates.io-index"

[[package]]
name = "serde_json"
version = "0.9.10"
source = "registry+https://github.com/rust-lang/crates.io-index"
dependencies = [
 "dtoa 0.4.2 (registry+https://github.com/rust-lang/crates.io-index)",
 "itoa 0.3.3 (registry+https://github.com/rust-lang/crates.io-index)",
 "num-traits 0.1.40 (registry+https://github.com/rust-lang/crates.io-index)",
 "serde 0.9.15 (registry+https://github.com/rust-lang/crates.io-index)",
]

[[package]]
name = "serde_urlencoded"
version = "0.4.3"
source = "registry+https://github.com/rust-lang/crates.io-index"
dependencies = [
 "dtoa 0.4.2 (registry+https://github.com/rust-lang/crates.io-index)",
 "itoa 0.3.3 (registry+https://github.com/rust-lang/crates.io-index)",
 "serde 0.9.15 (registry+https://github.com/rust-lang/crates.io-index)",
 "url 1.5.1 (registry+https://github.com/rust-lang/crates.io-index)",
]

[[package]]
name = "strsim"
version = "0.6.0"
source = "registry+https://github.com/rust-lang/crates.io-index"

[[package]]
name = "tempdir"
version = "0.3.5"
source = "registry+https://github.com/rust-lang/crates.io-index"
dependencies = [
 "rand 0.3.16 (registry+https://github.com/rust-lang/crates.io-index)",
]

[[package]]
name = "term"
version = "0.4.6"
source = "registry+https://github.com/rust-lang/crates.io-index"
dependencies = [
 "kernel32-sys 0.2.2 (registry+https://github.com/rust-lang/crates.io-index)",
 "winapi 0.2.8 (registry+https://github.com/rust-lang/crates.io-index)",
]

[[package]]
name = "term_size"
version = "0.3.0"
source = "registry+https://github.com/rust-lang/crates.io-index"
dependencies = [
 "kernel32-sys 0.2.2 (registry+https://github.com/rust-lang/crates.io-index)",
 "libc 0.2.30 (registry+https://github.com/rust-lang/crates.io-index)",
 "winapi 0.2.8 (registry+https://github.com/rust-lang/crates.io-index)",
]

[[package]]
name = "textwrap"
version = "0.7.0"
source = "registry+https://github.com/rust-lang/crates.io-index"
dependencies = [
 "term_size 0.3.0 (registry+https://github.com/rust-lang/crates.io-index)",
 "unicode-width 0.1.4 (registry+https://github.com/rust-lang/crates.io-index)",
]

[[package]]
name = "time"
version = "0.1.38"
source = "registry+https://github.com/rust-lang/crates.io-index"
dependencies = [
 "kernel32-sys 0.2.2 (registry+https://github.com/rust-lang/crates.io-index)",
 "libc 0.2.30 (registry+https://github.com/rust-lang/crates.io-index)",
 "redox_syscall 0.1.31 (registry+https://github.com/rust-lang/crates.io-index)",
 "winapi 0.2.8 (registry+https://github.com/rust-lang/crates.io-index)",
]

[[package]]
name = "toml"
version = "0.3.2"
source = "registry+https://github.com/rust-lang/crates.io-index"
dependencies = [
 "serde 0.9.15 (registry+https://github.com/rust-lang/crates.io-index)",
]

[[package]]
name = "traitobject"
version = "0.1.0"
source = "registry+https://github.com/rust-lang/crates.io-index"

[[package]]
name = "typeable"
version = "0.1.2"
source = "registry+https://github.com/rust-lang/crates.io-index"

[[package]]
name = "unicase"
version = "1.4.2"
source = "registry+https://github.com/rust-lang/crates.io-index"
dependencies = [
 "version_check 0.1.3 (registry+https://github.com/rust-lang/crates.io-index)",
]

[[package]]
name = "unicode-bidi"
version = "0.3.4"
source = "registry+https://github.com/rust-lang/crates.io-index"
dependencies = [
 "matches 0.1.6 (registry+https://github.com/rust-lang/crates.io-index)",
]

[[package]]
name = "unicode-normalization"
version = "0.1.5"
source = "registry+https://github.com/rust-lang/crates.io-index"

[[package]]
name = "unicode-segmentation"
version = "1.2.0"
source = "registry+https://github.com/rust-lang/crates.io-index"

[[package]]
name = "unicode-width"
version = "0.1.4"
source = "registry+https://github.com/rust-lang/crates.io-index"

[[package]]
name = "url"
version = "1.5.1"
source = "registry+https://github.com/rust-lang/crates.io-index"
dependencies = [
 "idna 0.1.4 (registry+https://github.com/rust-lang/crates.io-index)",
 "matches 0.1.6 (registry+https://github.com/rust-lang/crates.io-index)",
 "percent-encoding 1.0.0 (registry+https://github.com/rust-lang/crates.io-index)",
]

[[package]]
name = "vcpkg"
version = "0.2.2"
source = "registry+https://github.com/rust-lang/crates.io-index"

[[package]]
name = "vec_map"
version = "0.8.0"
source = "registry+https://github.com/rust-lang/crates.io-index"

[[package]]
name = "version_check"
version = "0.1.3"
source = "registry+https://github.com/rust-lang/crates.io-index"

[[package]]
name = "winapi"
version = "0.2.8"
source = "registry+https://github.com/rust-lang/crates.io-index"

[[package]]
name = "winapi-build"
version = "0.1.1"
source = "registry+https://github.com/rust-lang/crates.io-index"

[metadata]
"checksum advapi32-sys 0.2.0 (registry+https://github.com/rust-lang/crates.io-index)" = "e06588080cb19d0acb6739808aafa5f26bfb2ca015b2b6370028b44cf7cb8a9a"
"checksum ansi_term 0.9.0 (registry+https://github.com/rust-lang/crates.io-index)" = "23ac7c30002a5accbf7e8987d0632fa6de155b7c3d39d0067317a391e00a2ef6"
"checksum antidote 1.0.0 (registry+https://github.com/rust-lang/crates.io-index)" = "34fde25430d87a9388dadbe6e34d7f72a462c8b43ac8d309b42b0a8505d7e2a5"
"checksum atty 0.2.2 (registry+https://github.com/rust-lang/crates.io-index)" = "d912da0db7fa85514874458ca3651fe2cddace8d0b0505571dbdcd41ab490159"
"checksum base64 0.6.0 (registry+https://github.com/rust-lang/crates.io-index)" = "96434f987501f0ed4eb336a411e0631ecd1afa11574fe148587adc4ff96143c9"
"checksum bitflags 0.7.0 (registry+https://github.com/rust-lang/crates.io-index)" = "aad18937a628ec6abcd26d1489012cc0e18c21798210f491af69ded9b881106d"
"checksum bitflags 0.9.1 (registry+https://github.com/rust-lang/crates.io-index)" = "4efd02e230a02e18f92fc2735f44597385ed02ad8f831e7c1c1156ee5e1ab3a5"
"checksum byteorder 1.1.0 (registry+https://github.com/rust-lang/crates.io-index)" = "ff81738b726f5d099632ceaffe7fb65b90212e8dce59d518729e7e8634032d3d"
"checksum clap 2.26.0 (registry+https://github.com/rust-lang/crates.io-index)" = "2267a8fdd4dce6956ba6649e130f62fb279026e5e84b92aa939ac8f85ce3f9f0"
"checksum conv 0.3.3 (registry+https://github.com/rust-lang/crates.io-index)" = "78ff10625fd0ac447827aa30ea8b861fead473bb60aeb73af6c1c58caf0d1299"
"checksum core-foundation 0.2.3 (registry+https://github.com/rust-lang/crates.io-index)" = "25bfd746d203017f7d5cbd31ee5d8e17f94b6521c7af77ece6c9e4b2d4b16c67"
"checksum core-foundation-sys 0.2.3 (registry+https://github.com/rust-lang/crates.io-index)" = "065a5d7ffdcbc8fa145d6f0746f3555025b9097a9e9cda59f7467abae670c78d"
"checksum crypt32-sys 0.2.0 (registry+https://github.com/rust-lang/crates.io-index)" = "e34988f7e069e0b2f3bfc064295161e489b2d4e04a2e4248fb94360cdf00b4ec"
"checksum custom_derive 0.1.7 (registry+https://github.com/rust-lang/crates.io-index)" = "ef8ae57c4978a2acd8b869ce6b9ca1dfe817bff704c220209fdef2c0b75a01b9"
"checksum dtoa 0.4.2 (registry+https://github.com/rust-lang/crates.io-index)" = "09c3753c3db574d215cba4ea76018483895d7bff25a31b49ba45db21c48e50ab"
"checksum foreign-types 0.2.0 (registry+https://github.com/rust-lang/crates.io-index)" = "3e4056b9bd47f8ac5ba12be771f77a0dae796d1bbaaf5fd0b9c2d38b69b8a29d"
"checksum gcc 0.3.53 (registry+https://github.com/rust-lang/crates.io-index)" = "e8310f7e9c890398b0e80e301c4f474e9918d2b27fca8f48486ca775fa9ffc5a"
"checksum httparse 1.2.3 (registry+https://github.com/rust-lang/crates.io-index)" = "af2f2dd97457e8fb1ae7c5a420db346af389926e36f43768b96f101546b04a07"
"checksum hyper 0.10.13 (registry+https://github.com/rust-lang/crates.io-index)" = "368cb56b2740ebf4230520e2b90ebb0461e69034d85d1945febd9b3971426db2"
"checksum hyper-native-tls 0.2.4 (registry+https://github.com/rust-lang/crates.io-index)" = "72332e4a35d3059583623b50e98e491b78f8b96c5521fcb3f428167955aa56e8"
"checksum idna 0.1.4 (registry+https://github.com/rust-lang/crates.io-index)" = "014b298351066f1512874135335d62a789ffe78a9974f94b43ed5621951eaf7d"
"checksum isatty 0.1.3 (registry+https://github.com/rust-lang/crates.io-index)" = "fa500db770a99afe2a0f2229be2a3d09c7ed9d7e4e8440bf71253141994e240f"
"checksum itoa 0.3.3 (registry+https://github.com/rust-lang/crates.io-index)" = "ac17257442c2ed77dbc9fd555cf83c58b0c7f7d0e8f2ae08c0ac05c72842e1f6"
"checksum kernel32-sys 0.2.2 (registry+https://github.com/rust-lang/crates.io-index)" = "7507624b29483431c0ba2d82aece8ca6cdba9382bff4ddd0f7490560c056098d"
"checksum language-tags 0.2.2 (registry+https://github.com/rust-lang/crates.io-index)" = "a91d884b6667cd606bb5a69aa0c99ba811a115fc68915e7056ec08a46e93199a"
"checksum lazy_static 0.2.8 (registry+https://github.com/rust-lang/crates.io-index)" = "3b37545ab726dd833ec6420aaba8231c5b320814b9029ad585555d2a03e94fbf"
"checksum libc 0.2.30 (registry+https://github.com/rust-lang/crates.io-index)" = "2370ca07ec338939e356443dac2296f581453c35fe1e3a3ed06023c49435f915"
"checksum log 0.3.8 (registry+https://github.com/rust-lang/crates.io-index)" = "880f77541efa6e5cc74e76910c9884d9859683118839d6a1dc3b11e63512565b"
"checksum magenta 0.1.1 (registry+https://github.com/rust-lang/crates.io-index)" = "4bf0336886480e671965f794bc9b6fce88503563013d1bfb7a502c81fe3ac527"
"checksum magenta-sys 0.1.1 (registry+https://github.com/rust-lang/crates.io-index)" = "40d014c7011ac470ae28e2f76a02bfea4a8480f73e701353b49ad7a8d75f4699"
"checksum matches 0.1.6 (registry+https://github.com/rust-lang/crates.io-index)" = "100aabe6b8ff4e4a7e32c1c13523379802df0772b82466207ac25b013f193376"
"checksum mime 0.2.6 (registry+https://github.com/rust-lang/crates.io-index)" = "ba626b8a6de5da682e1caa06bdb42a335aee5a84db8e5046a3e8ab17ba0a3ae0"
"checksum native-tls 0.1.4 (registry+https://github.com/rust-lang/crates.io-index)" = "04b781c9134a954c84f0594b9ab3f5606abc516030388e8511887ef4c204a1e5"
"checksum num-traits 0.1.40 (registry+https://github.com/rust-lang/crates.io-index)" = "99843c856d68d8b4313b03a17e33c4bb42ae8f6610ea81b28abe076ac721b9b0"
"checksum num_cpus 1.6.2 (registry+https://github.com/rust-lang/crates.io-index)" = "aec53c34f2d0247c5ca5d32cca1478762f301740468ee9ee6dcb7a0dd7a0c584"
"checksum openssl 0.9.17 (registry+https://github.com/rust-lang/crates.io-index)" = "085aaedcc89a2fac1eb2bc19cd66f29d4ea99fec60f82a5f3a88a6be7dbd90b5"
"checksum openssl-sys 0.9.17 (registry+https://github.com/rust-lang/crates.io-index)" = "7e3a9845a4c9fdb321931868aae5549e96bb7b979bf9af7de03603d74691b5f3"
"checksum percent-encoding 1.0.0 (registry+https://github.com/rust-lang/crates.io-index)" = "de154f638187706bde41d9b4738748933d64e6b37bdbffc0b47a97d16a6ae356"
"checksum pkg-config 0.3.9 (registry+https://github.com/rust-lang/crates.io-index)" = "3a8b4c6b8165cd1a1cd4b9b120978131389f64bdaf456435caa41e630edba903"
"checksum rand 0.3.16 (registry+https://github.com/rust-lang/crates.io-index)" = "eb250fd207a4729c976794d03db689c9be1d634ab5a1c9da9492a13d8fecbcdf"
"checksum redox_syscall 0.1.31 (registry+https://github.com/rust-lang/crates.io-index)" = "8dde11f18c108289bef24469638a04dce49da56084f2d50618b226e47eb04509"
"checksum reqwest 0.4.0 (registry+https://github.com/rust-lang/crates.io-index)" = "3bef9ed8fdfcc30947d6b774938dc0c3f369a474efe440df2c7f278180b2d2e6"
"checksum rustsec 0.6.0 (registry+https://github.com/rust-lang/crates.io-index)" = "9fb074a338f1f966f5d86eaef9aa85b544207ed138986e60a33e08202c5c4492"
"checksum safemem 0.2.0 (registry+https://github.com/rust-lang/crates.io-index)" = "e27a8b19b835f7aea908818e871f5cc3a5a186550c30773be987e155e8163d8f"
"checksum schannel 0.1.7 (registry+https://github.com/rust-lang/crates.io-index)" = "14a5f8491ae5fc8c51aded1f5806282a0218b4d69b1b76913a0559507e559b90"
"checksum secur32-sys 0.2.0 (registry+https://github.com/rust-lang/crates.io-index)" = "3f412dfa83308d893101dd59c10d6fda8283465976c28c287c5c855bf8d216bc"
"checksum security-framework 0.1.16 (registry+https://github.com/rust-lang/crates.io-index)" = "dfa44ee9c54ce5eecc9de7d5acbad112ee58755239381f687e564004ba4a2332"
"checksum security-framework-sys 0.1.16 (registry+https://github.com/rust-lang/crates.io-index)" = "5421621e836278a0b139268f36eee0dc7e389b784dc3f79d8f11aabadf41bead"
"checksum semver 0.8.0 (registry+https://github.com/rust-lang/crates.io-index)" = "bee2bc909ab2d8d60dab26e8cad85b25d795b14603a0dcb627b78b9d30b6454b"
"checksum semver-parser 0.7.0 (registry+https://github.com/rust-lang/crates.io-index)" = "388a1df253eca08550bef6c72392cfe7c30914bf41df5269b68cbd6ff8f570a3"
"checksum serde 0.9.15 (registry+https://github.com/rust-lang/crates.io-index)" = "34b623917345a631dc9608d5194cc206b3fe6c3554cd1c75b937e55e285254af"
"checksum serde_json 0.9.10 (registry+https://github.com/rust-lang/crates.io-index)" = "ad8bcf487be7d2e15d3d543f04312de991d631cfe1b43ea0ade69e6a8a5b16a1"
"checksum serde_urlencoded 0.4.3 (registry+https://github.com/rust-lang/crates.io-index)" = "68f06ece1408d3221d11a9da11953ad0c94daa48cfa42026471306f895b91bc8"
"checksum strsim 0.6.0 (registry+https://github.com/rust-lang/crates.io-index)" = "b4d15c810519a91cf877e7e36e63fe068815c678181439f2f29e2562147c3694"
"checksum tempdir 0.3.5 (registry+https://github.com/rust-lang/crates.io-index)" = "87974a6f5c1dfb344d733055601650059a3363de2a6104819293baff662132d6"
"checksum term 0.4.6 (registry+https://github.com/rust-lang/crates.io-index)" = "fa63644f74ce96fbeb9b794f66aff2a52d601cbd5e80f4b97123e3899f4570f1"
"checksum term_size 0.3.0 (registry+https://github.com/rust-lang/crates.io-index)" = "e2b6b55df3198cc93372e85dd2ed817f0e38ce8cc0f22eb32391bfad9c4bf209"
"checksum textwrap 0.7.0 (registry+https://github.com/rust-lang/crates.io-index)" = "f728584ea33b0ad19318e20557cb0a39097751dbb07171419673502f848c7af6"
"checksum time 0.1.38 (registry+https://github.com/rust-lang/crates.io-index)" = "d5d788d3aa77bc0ef3e9621256885555368b47bd495c13dd2e7413c89f845520"
"checksum toml 0.3.2 (registry+https://github.com/rust-lang/crates.io-index)" = "bd86ad9ebee246fdedd610e0f6d0587b754a3d81438db930a244d0480ed7878f"
"checksum traitobject 0.1.0 (registry+https://github.com/rust-lang/crates.io-index)" = "efd1f82c56340fdf16f2a953d7bda4f8fdffba13d93b00844c25572110b26079"
"checksum typeable 0.1.2 (registry+https://github.com/rust-lang/crates.io-index)" = "1410f6f91f21d1612654e7cc69193b0334f909dcf2c790c4826254fbb86f8887"
"checksum unicase 1.4.2 (registry+https://github.com/rust-lang/crates.io-index)" = "7f4765f83163b74f957c797ad9253caf97f103fb064d3999aea9568d09fc8a33"
"checksum unicode-bidi 0.3.4 (registry+https://github.com/rust-lang/crates.io-index)" = "49f2bd0c6468a8230e1db229cff8029217cf623c767ea5d60bfbd42729ea54d5"
"checksum unicode-normalization 0.1.5 (registry+https://github.com/rust-lang/crates.io-index)" = "51ccda9ef9efa3f7ef5d91e8f9b83bbe6955f9bf86aec89d5cce2c874625920f"
"checksum unicode-segmentation 1.2.0 (registry+https://github.com/rust-lang/crates.io-index)" = "a8083c594e02b8ae1654ae26f0ade5158b119bd88ad0e8227a5d8fcd72407946"
"checksum unicode-width 0.1.4 (registry+https://github.com/rust-lang/crates.io-index)" = "bf3a113775714a22dcb774d8ea3655c53a32debae63a063acc00a91cc586245f"
"checksum url 1.5.1 (registry+https://github.com/rust-lang/crates.io-index)" = "eeb819346883532a271eb626deb43c4a1bb4c4dd47c519bd78137c3e72a4fe27"
"checksum vcpkg 0.2.2 (registry+https://github.com/rust-lang/crates.io-index)" = "9e0a7d8bed3178a8fb112199d466eeca9ed09a14ba8ad67718179b4fd5487d0b"
"checksum vec_map 0.8.0 (registry+https://github.com/rust-lang/crates.io-index)" = "887b5b631c2ad01628bbbaa7dd4c869f80d3186688f8d0b6f58774fbe324988c"
"checksum version_check 0.1.3 (registry+https://github.com/rust-lang/crates.io-index)" = "6b772017e347561807c1aa192438c5fd74242a670a6cffacc40f2defd1dc069d"
"checksum winapi 0.2.8 (registry+https://github.com/rust-lang/crates.io-index)" = "167dc9d6949a9b857f3451275e911c3f44255842c1f7a76f33c55103a909087a"
"checksum winapi-build 0.1.1 (registry+https://github.com/rust-lang/crates.io-index)" = "2d315eee3b34aca4797b2da6b13ed88266e6d612562a0c46390af8299fc699bc"
