# This file is automatically @generated by Cargo.
# It is not intended for manual editing.
version = 3

[[package]]
name = "rustsec-example-crate"
version = "0.0.1"
source = "registry+https://github.com/rust-lang/crates.io-index"
checksum = "c2ec2f8f9fb68b5ca851757602ccfee878f01d6cfa1cfa48b394992525f52e75"

[[package]]
name = "vulnerable-binary"
version = "0.1.0"
dependencies = [
 "rustsec-example-crate",
]
