# This file is automatically @generated by Cargo.
# It is not intended for manual editing.
version = 3

[[package]]
name = "rustsec-example-crate"
version = "0.0.0"
source = "registry+https://github.com/rust-lang/crates.io-index"
checksum = "dd8f09fe07eddc205c81b5622267ef9cf00dcf58c2610558937fd4b645e2e2a3"

[[package]]
name = "yanked"
version = "0.1.0"
dependencies = [
 "rustsec-example-crate",
]
