# This file is automatically @generated by Cargo.
# It is not intended for manual editing.
version = 3

[[package]]
name = "parity-wasm"
version = "0.45.0"
source = "registry+https://github.com/rust-lang/crates.io-index"
checksum = "e1ad0aff30c1da14b1254fcb2af73e1fa9a28670e584a626f53a369d0e157304"

[[package]]
name = "unmaintained-dep"
version = "0.1.0"
dependencies = [
 "parity-wasm",
]
